// !$*UTF8*$!
{
	archiveVersion = 1;
	classes = {
	};
	objectVersion = 77;
	objects = {

/* Begin PBXBuildFile section */
		4D7D2C722F21AEA5009B2D69 /* DeviceActivity.framework in Frameworks */ = {isa = PBXBuildFile; fileRef = 4D7D2C712F21AEA4009B2D69 /* DeviceActivity.framework */; };
		4D7D2C7A2F21AEA5009B2D69 /* AtomicMonitor.appex in Embed Foundation Extensions */ = {isa = PBXBuildFile; fileRef = 4D7D2C6F2F21AEA4009B2D69 /* AtomicMonitor.appex */; settings = {ATTRIBUTES = (RemoveHeadersOnCopy, ); }; };
/* End PBXBuildFile section */

/* Begin PBXContainerItemProxy section */
		4D59063D2F1F2313005FF767 /* PBXContainerItemProxy */ = {
			isa = PBXContainerItemProxy;
			containerPortal = 4D5906272F1F230D005FF767 /* Project object */;
			proxyType = 1;
			remoteGlobalIDString = 4D59062E2F1F230E005FF767;
			remoteInfo = AtomicApp;
		};
		4D5906472F1F2313005FF767 /* PBXContainerItemProxy */ = {
			isa = PBXContainerItemProxy;
			containerPortal = 4D5906272F1F230D005FF767 /* Project object */;
			proxyType = 1;
			remoteGlobalIDString = 4D59062E2F1F230E005FF767;
			remoteInfo = AtomicApp;
		};
		4D7D2C782F21AEA5009B2D69 /* PBXContainerItemProxy */ = {
			isa = PBXContainerItemProxy;
			containerPortal = 4D5906272F1F230D005FF767 /* Project object */;
			proxyType = 1;
			remoteGlobalIDString = 4D7D2C6E2F21AEA4009B2D69;
			remoteInfo = AtomicMonitor;
		};
/* End PBXContainerItemProxy section */

/* Begin PBXCopyFilesBuildPhase section */
		4D7D2C7B2F21AEA5009B2D69 /* Embed Foundation Extensions */ = {
			isa = PBXCopyFilesBuildPhase;
			buildActionMask = 2147483647;
			dstPath = "";
			dstSubfolderSpec = 13;
			files = (
				4D7D2C7A2F21AEA5009B2D69 /* AtomicMonitor.appex in Embed Foundation Extensions */,
			);
			name = "Embed Foundation Extensions";
			runOnlyForDeploymentPostprocessing = 0;
		};
/* End PBXCopyFilesBuildPhase section */

/* Begin PBXFileReference section */
		4D59062F2F1F230E005FF767 /* AtomicApp.app */ = {isa = PBXFileReference; explicitFileType = wrapper.application; includeInIndex = 0; path = AtomicApp.app; sourceTree = BUILT_PRODUCTS_DIR; };
		4D59063C2F1F2313005FF767 /* AtomicAppTests.xctest */ = {isa = PBXFileReference; explicitFileType = wrapper.cfbundle; includeInIndex = 0; path = AtomicAppTests.xctest; sourceTree = BUILT_PRODUCTS_DIR; };
		4D5906462F1F2313005FF767 /* AtomicAppUITests.xctest */ = {isa = PBXFileReference; explicitFileType = wrapper.cfbundle; includeInIndex = 0; path = AtomicAppUITests.xctest; sourceTree = BUILT_PRODUCTS_DIR; };
		4D7D2C6F2F21AEA4009B2D69 /* AtomicMonitor.appex */ = {isa = PBXFileReference; explicitFileType = "wrapper.app-extension"; includeInIndex = 0; path = AtomicMonitor.appex; sourceTree = BUILT_PRODUCTS_DIR; };
		4D7D2C712F21AEA4009B2D69 /* DeviceActivity.framework */ = {isa = PBXFileReference; lastKnownFileType = wrapper.framework; name = DeviceActivity.framework; path = System/Library/Frameworks/DeviceActivity.framework; sourceTree = SDKROOT; };
/* End PBXFileReference section */

/* Begin PBXFileSystemSynchronizedBuildFileExceptionSet section */
		4D59065B2F1F2BF1005FF767 /* Exceptions for "AtomicApp" folder in "AtomicApp" target */ = {
			isa = PBXFileSystemSynchronizedBuildFileExceptionSet;
			membershipExceptions = (
				Info.plist,
			);
			target = 4D59062E2F1F230E005FF767 /* AtomicApp */;
		};
		4D7D2C7F2F21AEA5009B2D69 /* Exceptions for "AtomicMonitor" folder in "AtomicMonitor" target */ = {
			isa = PBXFileSystemSynchronizedBuildFileExceptionSet;
			membershipExceptions = (
				Info.plist,
			);
			target = 4D7D2C6E2F21AEA4009B2D69 /* AtomicMonitor */;
		};
/* End PBXFileSystemSynchronizedBuildFileExceptionSet section */

/* Begin PBXFileSystemSynchronizedRootGroup section */
		4D5906312F1F230E005FF767 /* AtomicApp */ = {
			isa = PBXFileSystemSynchronizedRootGroup;
			exceptions = (
				4D59065B2F1F2BF1005FF767 /* Exceptions for "AtomicApp" folder in "AtomicApp" target */,
			);
			path = AtomicApp;
			sourceTree = "<group>";
		};
		4D59063F2F1F2313005FF767 /* AtomicAppTests */ = {
			isa = PBXFileSystemSynchronizedRootGroup;
			path = AtomicAppTests;
			sourceTree = "<group>";
		};
		4D5906492F1F2313005FF767 /* AtomicAppUITests */ = {
			isa = PBXFileSystemSynchronizedRootGroup;
			path = AtomicAppUITests;
			sourceTree = "<group>";
		};
		4D7D2C732F21AEA5009B2D69 /* AtomicMonitor */ = {
			isa = PBXFileSystemSynchronizedRootGroup;
			exceptions = (
				4D7D2C7F2F21AEA5009B2D69 /* Exceptions for "AtomicMonitor" folder in "AtomicMonitor" target */,
			);
			path = AtomicMonitor;
			sourceTree = "<group>";
		};
/* End PBXFileSystemSynchronizedRootGroup section */

/* Begin PBXFrameworksBuildPhase section */
		4D59062C2F1F230E005FF767 /* Frameworks */ = {
			isa = PBXFrameworksBuildPhase;
			buildActionMask = 2147483647;
			files = (
			);
			runOnlyForDeploymentPostprocessing = 0;
		};
		4D5906392F1F2313005FF767 /* Frameworks */ = {
			isa = PBXFrameworksBuildPhase;
			buildActionMask = 2147483647;
			files = (
			);
			runOnlyForDeploymentPostprocessing = 0;
		};
		4D5906432F1F2313005FF767 /* Frameworks */ = {
			isa = PBXFrameworksBuildPhase;
			buildActionMask = 2147483647;
			files = (
			);
			runOnlyForDeploymentPostprocessing = 0;
		};
		4D7D2C6C2F21AEA4009B2D69 /* Frameworks */ = {
			isa = PBXFrameworksBuildPhase;
			buildActionMask = 2147483647;
			files = (
				4D7D2C722F21AEA5009B2D69 /* DeviceActivity.framework in Frameworks */,
			);
			runOnlyForDeploymentPostprocessing = 0;
		};
/* End PBXFrameworksBuildPhase section */

/* Begin PBXGroup section */
		4D5906262F1F230D005FF767 = {
			isa = PBXGroup;
			children = (
				4D5906312F1F230E005FF767 /* AtomicApp */,
				4D59063F2F1F2313005FF767 /* AtomicAppTests */,
				4D5906492F1F2313005FF767 /* AtomicAppUITests */,
				4D7D2C732F21AEA5009B2D69 /* AtomicMonitor */,
				4D7D2C702F21AEA4009B2D69 /* Frameworks */,
				4D5906302F1F230E005FF767 /* Products */,
			);
			sourceTree = "<group>";
		};
		4D5906302F1F230E005FF767 /* Products */ = {
			isa = PBXGroup;
			children = (
				4D59062F2F1F230E005FF767 /* AtomicApp.app */,
				4D59063C2F1F2313005FF767 /* AtomicAppTests.xctest */,
				4D5906462F1F2313005FF767 /* AtomicAppUITests.xctest */,
				4D7D2C6F2F21AEA4009B2D69 /* AtomicMonitor.appex */,
			);
			name = Products;
			sourceTree = "<group>";
		};
		4D7D2C702F21AEA4009B2D69 /* Frameworks */ = {
			isa = PBXGroup;
			children = (
				4D7D2C712F21AEA4009B2D69 /* DeviceActivity.framework */,
			);
			name = Frameworks;
			sourceTree = "<group>";
		};
/* End PBXGroup section */

/* Begin PBXNativeTarget section */
		4D59062E2F1F230E005FF767 /* AtomicApp */ = {
			isa = PBXNativeTarget;
			buildConfigurationList = 4D5906502F1F2313005FF767 /* Build configuration list for PBXNativeTarget "AtomicApp" */;
			buildPhases = (
				4D59062B2F1F230E005FF767 /* Sources */,
				4D59062C2F1F230E005FF767 /* Frameworks */,
				4D59062D2F1F230E005FF767 /* Resources */,
				4D7D2C7B2F21AEA5009B2D69 /* Embed Foundation Extensions */,
			);
			buildRules = (
			);
			dependencies = (
				4D7D2C792F21AEA5009B2D69 /* PBXTargetDependency */,
			);
			fileSystemSynchronizedGroups = (
				4D5906312F1F230E005FF767 /* AtomicApp */,
			);
			name = AtomicApp;
			packageProductDependencies = (
			);
			productName = AtomicApp;
			productReference = 4D59062F2F1F230E005FF767 /* AtomicApp.app */;
			productType = "com.apple.product-type.application";
		};
		4D59063B2F1F2313005FF767 /* AtomicAppTests */ = {
			isa = PBXNativeTarget;
			buildConfigurationList = 4D5906532F1F2313005FF767 /* Build configuration list for PBXNativeTarget "AtomicAppTests" */;
			buildPhases = (
				4D5906382F1F2313005FF767 /* Sources */,
				4D5906392F1F2313005FF767 /* Frameworks */,
				4D59063A2F1F2313005FF767 /* Resources */,
			);
			buildRules = (
			);
			dependencies = (
				4D59063E2F1F2313005FF767 /* PBXTargetDependency */,
			);
			fileSystemSynchronizedGroups = (
				4D59063F2F1F2313005FF767 /* AtomicAppTests */,
			);
			name = AtomicAppTests;
			packageProductDependencies = (
			);
			productName = AtomicAppTests;
			productReference = 4D59063C2F1F2313005FF767 /* AtomicAppTests.xctest */;
			productType = "com.apple.product-type.bundle.unit-test";
		};
		4D5906452F1F2313005FF767 /* AtomicAppUITests */ = {
			isa = PBXNativeTarget;
			buildConfigurationList = 4D5906562F1F2313005FF767 /* Build configuration list for PBXNativeTarget "AtomicAppUITests" */;
			buildPhases = (
				4D5906422F1F2313005FF767 /* Sources */,
				4D5906432F1F2313005FF767 /* Frameworks */,
				4D5906442F1F2313005FF767 /* Resources */,
			);
			buildRules = (
			);
			dependencies = (
				4D5906482F1F2313005FF767 /* PBXTargetDependency */,
			);
			fileSystemSynchronizedGroups = (
				4D5906492F1F2313005FF767 /* AtomicAppUITests */,
			);
			name = AtomicAppUITests;
			packageProductDependencies = (
			);
			productName = AtomicAppUITests;
			productReference = 4D5906462F1F2313005FF767 /* AtomicAppUITests.xctest */;
			productType = "com.apple.product-type.bundle.ui-testing";
		};
		4D7D2C6E2F21AEA4009B2D69 /* AtomicMonitor */ = {
			isa = PBXNativeTarget;
			buildConfigurationList = 4D7D2C7E2F21AEA5009B2D69 /* Build configuration list for PBXNativeTarget "AtomicMonitor" */;
			buildPhases = (
				4D7D2C6B2F21AEA4009B2D69 /* Sources */,
				4D7D2C6C2F21AEA4009B2D69 /* Frameworks */,
				4D7D2C6D2F21AEA4009B2D69 /* Resources */,
			);
			buildRules = (
			);
			dependencies = (
			);
			fileSystemSynchronizedGroups = (
				4D7D2C732F21AEA5009B2D69 /* AtomicMonitor */,
			);
			name = AtomicMonitor;
			packageProductDependencies = (
			);
			productName = AtomicMonitor;
			productReference = 4D7D2C6F2F21AEA4009B2D69 /* AtomicMonitor.appex */;
			productType = "com.apple.product-type.app-extension";
		};
/* End PBXNativeTarget section */

/* Begin PBXProject section */
		4D5906272F1F230D005FF767 /* Project object */ = {
			isa = PBXProject;
			attributes = {
				BuildIndependentTargetsInParallel = 1;
				LastSwiftUpdateCheck = 2620;
				LastUpgradeCheck = 2620;
				TargetAttributes = {
					4D59062E2F1F230E005FF767 = {
						CreatedOnToolsVersion = 26.2;
					};
					4D59063B2F1F2313005FF767 = {
						CreatedOnToolsVersion = 26.2;
						TestTargetID = 4D59062E2F1F230E005FF767;
					};
					4D5906452F1F2313005FF767 = {
						CreatedOnToolsVersion = 26.2;
						TestTargetID = 4D59062E2F1F230E005FF767;
					};
					4D7D2C6E2F21AEA4009B2D69 = {
						CreatedOnToolsVersion = 26.2;
					};
				};
			};
			buildConfigurationList = 4D59062A2F1F230E005FF767 /* Build configuration list for PBXProject "AtomicApp" */;
			developmentRegion = en;
			hasScannedForEncodings = 0;
			knownRegions = (
				en,
				Base,
			);
			mainGroup = 4D5906262F1F230D005FF767;
			minimizedProjectReferenceProxies = 1;
			preferredProjectObjectVersion = 77;
			productRefGroup = 4D5906302F1F230E005FF767 /* Products */;
			projectDirPath = "";
			projectRoot = "";
			targets = (
				4D59062E2F1F230E005FF767 /* AtomicApp */,
				4D59063B2F1F2313005FF767 /* AtomicAppTests */,
				4D5906452F1F2313005FF767 /* AtomicAppUITests */,
				4D7D2C6E2F21AEA4009B2D69 /* AtomicMonitor */,
			);
		};
/* End PBXProject section */

/* Begin PBXResourcesBuildPhase section */
		4D59062D2F1F230E005FF767 /* Resources */ = {
			isa = PBXResourcesBuildPhase;
			buildActionMask = 2147483647;
			files = (
			);
			runOnlyForDeploymentPostprocessing = 0;
		};
		4D59063A2F1F2313005FF767 /* Resources */ = {
			isa = PBXResourcesBuildPhase;
			buildActionMask = 2147483647;
			files = (
			);
			runOnlyForDeploymentPostprocessing = 0;
		};
		4D5906442F1F2313005FF767 /* Resources */ = {
			isa = PBXResourcesBuildPhase;
			buildActionMask = 2147483647;
			files = (
			);
			runOnlyForDeploymentPostprocessing = 0;
		};
		4D7D2C6D2F21AEA4009B2D69 /* Resources */ = {
			isa = PBXResourcesBuildPhase;
			buildActionMask = 2147483647;
			files = (
			);
			runOnlyForDeploymentPostprocessing = 0;
		};
/* End PBXResourcesBuildPhase section */

/* Begin PBXSourcesBuildPhase section */
		4D59062B2F1F230E005FF767 /* Sources */ = {
			isa = PBXSourcesBuildPhase;
			buildActionMask = 2147483647;
			files = (
			);
			runOnlyForDeploymentPostprocessing = 0;
		};
		4D5906382F1F2313005FF767 /* Sources */ = {
			isa = PBXSourcesBuildPhase;
			buildActionMask = 2147483647;
			files = (
			);
			runOnlyForDeploymentPostprocessing = 0;
		};
		4D5906422F1F2313005FF767 /* Sources */ = {
			isa = PBXSourcesBuildPhase;
			buildActionMask = 2147483647;
			files = (
			);
			runOnlyForDeploymentPostprocessing = 0;
		};
		4D7D2C6B2F21AEA4009B2D69 /* Sources */ = {
			isa = PBXSourcesBuildPhase;
			buildActionMask = 2147483647;
			files = (
			);
			runOnlyForDeploymentPostprocessing = 0;
		};
/* End PBXSourcesBuildPhase section */

/* Begin PBXTargetDependency section */
		4D59063E2F1F2313005FF767 /* PBXTargetDependency */ = {
			isa = PBXTargetDependency;
			target = 4D59062E2F1F230E005FF767 /* AtomicApp */;
			targetProxy = 4D59063D2F1F2313005FF767 /* PBXContainerItemProxy */;
		};
		4D5906482F1F2313005FF767 /* PBXTargetDependency */ = {
			isa = PBXTargetDependency;
			target = 4D59062E2F1F230E005FF767 /* AtomicApp */;
			targetProxy = 4D5906472F1F2313005FF767 /* PBXContainerItemProxy */;
		};
		4D7D2C792F21AEA5009B2D69 /* PBXTargetDependency */ = {
			isa = PBXTargetDependency;
			target = 4D7D2C6E2F21AEA4009B2D69 /* AtomicMonitor */;
			targetProxy = 4D7D2C782F21AEA5009B2D69 /* PBXContainerItemProxy */;
		};
/* End PBXTargetDependency section */

/* Begin XCBuildConfiguration section */
		4D59064E2F1F2313005FF767 /* Debug */ = {
			isa = XCBuildConfiguration;
			buildSettings = {
				ALWAYS_SEARCH_USER_PATHS = NO;
				ASSETCATALOG_COMPILER_GENERATE_SWIFT_ASSET_SYMBOL_EXTENSIONS = YES;
				CLANG_ANALYZER_NONNULL = YES;
				CLANG_ANALYZER_NUMBER_OBJECT_CONVERSION = YES_AGGRESSIVE;
				CLANG_CXX_LANGUAGE_STANDARD = "gnu++20";
				CLANG_ENABLE_MODULES = YES;
				CLANG_ENABLE_OBJC_ARC = YES;
				CLANG_ENABLE_OBJC_WEAK = YES;
				CLANG_WARN_BLOCK_CAPTURE_AUTORELEASING = YES;
				CLANG_WARN_BOOL_CONVERSION = YES;
				CLANG_WARN_COMMA = YES;
				CLANG_WARN_CONSTANT_CONVERSION = YES;
				CLANG_WARN_DEPRECATED_OBJC_IMPLEMENTATIONS = YES;
				CLANG_WARN_DIRECT_OBJC_ISA_USAGE = YES_ERROR;
				CLANG_WARN_DOCUMENTATION_COMMENTS = YES;
				CLANG_WARN_EMPTY_BODY = YES;
				CLANG_WARN_ENUM_CONVERSION = YES;
				CLANG_WARN_INFINITE_RECURSION = YES;
				CLANG_WARN_INT_CONVERSION = YES;
				CLANG_WARN_NON_LITERAL_NULL_CONVERSION = YES;
				CLANG_WARN_OBJC_IMPLICIT_RETAIN_SELF = YES;
				CLANG_WARN_OBJC_LITERAL_CONVERSION = YES;
				CLANG_WARN_OBJC_ROOT_CLASS = YES_ERROR;
				CLANG_WARN_QUOTED_INCLUDE_IN_FRAMEWORK_HEADER = YES;
				CLANG_WARN_RANGE_LOOP_ANALYSIS = YES;
				CLANG_WARN_STRICT_PROTOTYPES = YES;
				CLANG_WARN_SUSPICIOUS_MOVE = YES;
				CLANG_WARN_UNGUARDED_AVAILABILITY = YES_AGGRESSIVE;
				CLANG_WARN_UNREACHABLE_CODE = YES;
				CLANG_WARN__DUPLICATE_METHOD_MATCH = YES;
				COPY_PHASE_STRIP = NO;
				DEBUG_INFORMATION_FORMAT = dwarf;
				DEVELOPMENT_TEAM = 8FMP9HM2V7;
				ENABLE_STRICT_OBJC_MSGSEND = YES;
				ENABLE_TESTABILITY = YES;
				ENABLE_USER_SCRIPT_SANDBOXING = YES;
				GCC_C_LANGUAGE_STANDARD = gnu17;
				GCC_DYNAMIC_NO_PIC = NO;
				GCC_NO_COMMON_BLOCKS = YES;
				GCC_OPTIMIZATION_LEVEL = 0;
				GCC_PREPROCESSOR_DEFINITIONS = (
					"DEBUG=1",
					"$(inherited)",
				);
				GCC_WARN_64_TO_32_BIT_CONVERSION = YES;
				GCC_WARN_ABOUT_RETURN_TYPE = YES_ERROR;
				GCC_WARN_UNDECLARED_SELECTOR = YES;
				GCC_WARN_UNINITIALIZED_AUTOS = YES_AGGRESSIVE;
				GCC_WARN_UNUSED_FUNCTION = YES;
				GCC_WARN_UNUSED_VARIABLE = YES;
				IPHONEOS_DEPLOYMENT_TARGET = 26.2;
				LOCALIZATION_PREFERS_STRING_CATALOGS = YES;
				MTL_ENABLE_DEBUG_INFO = INCLUDE_SOURCE;
				MTL_FAST_MATH = YES;
				ONLY_ACTIVE_ARCH = YES;
				SDKROOT = iphoneos;
				SWIFT_ACTIVE_COMPILATION_CONDITIONS = "DEBUG $(inherited)";
				SWIFT_OPTIMIZATION_LEVEL = "-Onone";
			};
			name = Debug;
		};
		4D59064F2F1F2313005FF767 /* Release */ = {
			isa = XCBuildConfiguration;
			buildSettings = {
				ALWAYS_SEARCH_USER_PATHS = NO;
				ASSETCATALOG_COMPILER_GENERATE_SWIFT_ASSET_SYMBOL_EXTENSIONS = YES;
				CLANG_ANALYZER_NONNULL = YES;
				CLANG_ANALYZER_NUMBER_OBJECT_CONVERSION = YES_AGGRESSIVE;
				CLANG_CXX_LANGUAGE_STANDARD = "gnu++20";
				CLANG_ENABLE_MODULES = YES;
				CLANG_ENABLE_OBJC_ARC = YES;
				CLANG_ENABLE_OBJC_WEAK = YES;
				CLANG_WARN_BLOCK_CAPTURE_AUTORELEASING = YES;
				CLANG_WARN_BOOL_CONVERSION = YES;
				CLANG_WARN_COMMA = YES;
				CLANG_WARN_CONSTANT_CONVERSION = YES;
				CLANG_WARN_DEPRECATED_OBJC_IMPLEMENTATIONS = YES;
				CLANG_WARN_DIRECT_OBJC_ISA_USAGE = YES_ERROR;
				CLANG_WARN_DOCUMENTATION_COMMENTS = YES;
				CLANG_WARN_EMPTY_BODY = YES;
				CLANG_WARN_ENUM_CONVERSION = YES;
				CLANG_WARN_INFINITE_RECURSION = YES;
				CLANG_WARN_INT_CONVERSION = YES;
				CLANG_WARN_NON_LITERAL_NULL_CONVERSION = YES;
				CLANG_WARN_OBJC_IMPLICIT_RETAIN_SELF = YES;
				CLANG_WARN_OBJC_LITERAL_CONVERSION = YES;
				CLANG_WARN_OBJC_ROOT_CLASS = YES_ERROR;
				CLANG_WARN_QUOTED_INCLUDE_IN_FRAMEWORK_HEADER = YES;
				CLANG_WARN_RANGE_LOOP_ANALYSIS = YES;
				CLANG_WARN_STRICT_PROTOTYPES = YES;
				CLANG_WARN_SUSPICIOUS_MOVE = YES;
				CLANG_WARN_UNGUARDED_AVAILABILITY = YES_AGGRESSIVE;
				CLANG_WARN_UNREACHABLE_CODE = YES;
				CLANG_WARN__DUPLICATE_METHOD_MATCH = YES;
				COPY_PHASE_STRIP = NO;
				DEBUG_INFORMATION_FORMAT = "dwarf-with-dsym";
				DEVELOPMENT_TEAM = 8FMP9HM2V7;
				ENABLE_NS_ASSERTIONS = NO;
				ENABLE_STRICT_OBJC_MSGSEND = YES;
				ENABLE_USER_SCRIPT_SANDBOXING = YES;
				GCC_C_LANGUAGE_STANDARD = gnu17;
				GCC_NO_COMMON_BLOCKS = YES;
				GCC_WARN_64_TO_32_BIT_CONVERSION = YES;
				GCC_WARN_ABOUT_RETURN_TYPE = YES_ERROR;
				GCC_WARN_UNDECLARED_SELECTOR = YES;
				GCC_WARN_UNINITIALIZED_AUTOS = YES_AGGRESSIVE;
				GCC_WARN_UNUSED_FUNCTION = YES;
				GCC_WARN_UNUSED_VARIABLE = YES;
				IPHONEOS_DEPLOYMENT_TARGET = 26.2;
				LOCALIZATION_PREFERS_STRING_CATALOGS = YES;
				MTL_ENABLE_DEBUG_INFO = NO;
				MTL_FAST_MATH = YES;
				SDKROOT = iphoneos;
				SWIFT_COMPILATION_MODE = wholemodule;
				VALIDATE_PRODUCT = YES;
			};
			name = Release;
		};
		4D5906512F1F2313005FF767 /* Debug */ = {
			isa = XCBuildConfiguration;
			buildSettings = {
				ASSETCATALOG_COMPILER_APPICON_NAME = AppIcon;
				ASSETCATALOG_COMPILER_GLOBAL_ACCENT_COLOR_NAME = AccentColor;
				CODE_SIGN_ENTITLEMENTS = AtomicApp/AtomicApp.entitlements;
				CODE_SIGN_STYLE = Automatic;
				CURRENT_PROJECT_VERSION = 1;
				DEVELOPMENT_TEAM = 8FMP9HM2V7;
				ENABLE_PREVIEWS = YES;
				GENERATE_INFOPLIST_FILE = YES;
				INFOPLIST_FILE = AtomicApp/Info.plist;
				INFOPLIST_KEY_UIApplicationSceneManifest_Generation = YES;
				INFOPLIST_KEY_UIApplicationSupportsIndirectInputEvents = YES;
				INFOPLIST_KEY_UILaunchScreen_Generation = YES;
				INFOPLIST_KEY_UISupportedInterfaceOrientations_iPad = "UIInterfaceOrientationPortrait UIInterfaceOrientationPortraitUpsideDown UIInterfaceOrientationLandscapeLeft UIInterfaceOrientationLandscapeRight";
				INFOPLIST_KEY_UISupportedInterfaceOrientations_iPhone = "UIInterfaceOrientationPortrait UIInterfaceOrientationLandscapeLeft UIInterfaceOrientationLandscapeRight";
				LD_RUNPATH_SEARCH_PATHS = (
					"$(inherited)",
					"@executable_path/Frameworks",
				);
				MARKETING_VERSION = 1.0;
				PRODUCT_BUNDLE_IDENTIFIER = com.01Labs.Kaizen;
				PRODUCT_NAME = "$(TARGET_NAME)";
				STRING_CATALOG_GENERATE_SYMBOLS = YES;
				SWIFT_APPROACHABLE_CONCURRENCY = YES;
				SWIFT_DEFAULT_ACTOR_ISOLATION = MainActor;
				SWIFT_EMIT_LOC_STRINGS = YES;
				SWIFT_UPCOMING_FEATURE_MEMBER_IMPORT_VISIBILITY = YES;
				SWIFT_VERSION = 5.0;
				TARGETED_DEVICE_FAMILY = "1,2";
			};
			name = Debug;
		};
		4D5906522F1F2313005FF767 /* Release */ = {
			isa = XCBuildConfiguration;
			buildSettings = {
				ASSETCATALOG_COMPILER_APPICON_NAME = AppIcon;
				ASSETCATALOG_COMPILER_GLOBAL_ACCENT_COLOR_NAME = AccentColor;
				CODE_SIGN_ENTITLEMENTS = AtomicApp/AtomicApp.entitlements;
				CODE_SIGN_STYLE = Automatic;
				CURRENT_PROJECT_VERSION = 1;
				DEVELOPMENT_TEAM = 8FMP9HM2V7;
				ENABLE_PREVIEWS = YES;
				GENERATE_INFOPLIST_FILE = YES;
				INFOPLIST_FILE = AtomicApp/Info.plist;
				INFOPLIST_KEY_UIApplicationSceneManifest_Generation = YES;
				INFOPLIST_KEY_UIApplicationSupportsIndirectInputEvents = YES;
				INFOPLIST_KEY_UILaunchScreen_Generation = YES;
				INFOPLIST_KEY_UISupportedInterfaceOrientations_iPad = "UIInterfaceOrientationPortrait UIInterfaceOrientationPortraitUpsideDown UIInterfaceOrientationLandscapeLeft UIInterfaceOrientationLandscapeRight";
				INFOPLIST_KEY_UISupportedInterfaceOrientations_iPhone = "UIInterfaceOrientationPortrait UIInterfaceOrientationLandscapeLeft UIInterfaceOrientationLandscapeRight";
				LD_RUNPATH_SEARCH_PATHS = (
					"$(inherited)",
					"@executable_path/Frameworks",
				);
				MARKETING_VERSION = 1.0;
				PRODUCT_BUNDLE_IDENTIFIER = com.01Labs.Kaizen;
				PRODUCT_NAME = "$(TARGET_NAME)";
				STRING_CATALOG_GENERATE_SYMBOLS = YES;
				SWIFT_APPROACHABLE_CONCURRENCY = YES;
				SWIFT_DEFAULT_ACTOR_ISOLATION = MainActor;
				SWIFT_EMIT_LOC_STRINGS = YES;
				SWIFT_UPCOMING_FEATURE_MEMBER_IMPORT_VISIBILITY = YES;
				SWIFT_VERSION = 5.0;
				TARGETED_DEVICE_FAMILY = "1,2";
			};
			name = Release;
		};
		4D5906542F1F2313005FF767 /* Debug */ = {
			isa = XCBuildConfiguration;
			buildSettings = {
				BUNDLE_LOADER = "$(TEST_HOST)";
				CODE_SIGN_STYLE = Automatic;
				CURRENT_PROJECT_VERSION = 1;
				DEVELOPMENT_TEAM = 8FMP9HM2V7;
				GENERATE_INFOPLIST_FILE = YES;
				IPHONEOS_DEPLOYMENT_TARGET = 26.2;
				MARKETING_VERSION = 1.0;
				PRODUCT_BUNDLE_IDENTIFIER = com.01Labs.Kaizen.AtomicAppTests;
				PRODUCT_NAME = "$(TARGET_NAME)";
				STRING_CATALOG_GENERATE_SYMBOLS = NO;
				SWIFT_APPROACHABLE_CONCURRENCY = YES;
				SWIFT_EMIT_LOC_STRINGS = NO;
				SWIFT_UPCOMING_FEATURE_MEMBER_IMPORT_VISIBILITY = YES;
				SWIFT_VERSION = 5.0;
				TARGETED_DEVICE_FAMILY = "1,2";
				TEST_HOST = "$(BUILT_PRODUCTS_DIR)/AtomicApp.app/$(BUNDLE_EXECUTABLE_FOLDER_PATH)/AtomicApp";
			};
			name = Debug;
		};
		4D5906552F1F2313005FF767 /* Release */ = {
			isa = XCBuildConfiguration;
			buildSettings = {
				BUNDLE_LOADER = "$(TEST_HOST)";
				CODE_SIGN_STYLE = Automatic;
				CURRENT_PROJECT_VERSION = 1;
				DEVELOPMENT_TEAM = 8FMP9HM2V7;
				GENERATE_INFOPLIST_FILE = YES;
				IPHONEOS_DEPLOYMENT_TARGET = 26.2;
				MARKETING_VERSION = 1.0;
				PRODUCT_BUNDLE_IDENTIFIER = com.01Labs.Kaizen.AtomicAppTests;
				PRODUCT_NAME = "$(TARGET_NAME)";
				STRING_CATALOG_GENERATE_SYMBOLS = NO;
				SWIFT_APPROACHABLE_CONCURRENCY = YES;
				SWIFT_EMIT_LOC_STRINGS = NO;
				SWIFT_UPCOMING_FEATURE_MEMBER_IMPORT_VISIBILITY = YES;
				SWIFT_VERSION = 5.0;
				TARGETED_DEVICE_FAMILY = "1,2";
				TEST_HOST = "$(BUILT_PRODUCTS_DIR)/AtomicApp.app/$(BUNDLE_EXECUTABLE_FOLDER_PATH)/AtomicApp";
			};
			name = Release;
		};
		4D5906572F1F2313005FF767 /* Debug */ = {
			isa = XCBuildConfiguration;
			buildSettings = {
				CODE_SIGN_STYLE = Automatic;
				CURRENT_PROJECT_VERSION = 1;
				DEVELOPMENT_TEAM = 8FMP9HM2V7;
				GENERATE_INFOPLIST_FILE = YES;
				MARKETING_VERSION = 1.0;
				PRODUCT_BUNDLE_IDENTIFIER = com.01Labs.Kaizen.AtomicAppUITests;
				PRODUCT_NAME = "$(TARGET_NAME)";
				STRING_CATALOG_GENERATE_SYMBOLS = NO;
				SWIFT_APPROACHABLE_CONCURRENCY = YES;
				SWIFT_EMIT_LOC_STRINGS = NO;
				SWIFT_UPCOMING_FEATURE_MEMBER_IMPORT_VISIBILITY = YES;
				SWIFT_VERSION = 5.0;
				TARGETED_DEVICE_FAMILY = "1,2";
				TEST_TARGET_NAME = AtomicApp;
			};
			name = Debug;
		};
		4D5906582F1F2313005FF767 /* Release */ = {
			isa = XCBuildConfiguration;
			buildSettings = {
				CODE_SIGN_STYLE = Automatic;
				CURRENT_PROJECT_VERSION = 1;
				DEVELOPMENT_TEAM = 8FMP9HM2V7;
				GENERATE_INFOPLIST_FILE = YES;
				MARKETING_VERSION = 1.0;
				PRODUCT_BUNDLE_IDENTIFIER = com.01Labs.Kaizen.AtomicAppUITests;
				PRODUCT_NAME = "$(TARGET_NAME)";
				STRING_CATALOG_GENERATE_SYMBOLS = NO;
				SWIFT_APPROACHABLE_CONCURRENCY = YES;
				SWIFT_EMIT_LOC_STRINGS = NO;
				SWIFT_UPCOMING_FEATURE_MEMBER_IMPORT_VISIBILITY = YES;
				SWIFT_VERSION = 5.0;
				TARGETED_DEVICE_FAMILY = "1,2";
				TEST_TARGET_NAME = AtomicApp;
			};
			name = Release;
		};
		4D7D2C7C2F21AEA5009B2D69 /* Debug */ = {
			isa = XCBuildConfiguration;
			buildSettings = {
				CODE_SIGN_ENTITLEMENTS = AtomicMonitor/AtomicMonitor.entitlements;
				CODE_SIGN_STYLE = Automatic;
				CURRENT_PROJECT_VERSION = 1;
				DEVELOPMENT_TEAM = 8FMP9HM2V7;
				GENERATE_INFOPLIST_FILE = YES;
				INFOPLIST_FILE = AtomicMonitor/Info.plist;
				INFOPLIST_KEY_CFBundleDisplayName = AtomicMonitor;
				INFOPLIST_KEY_NSHumanReadableCopyright = "";
				LD_RUNPATH_SEARCH_PATHS = (
					"$(inherited)",
					"@executable_path/Frameworks",
					"@executable_path/../../Frameworks",
				);
				MARKETING_VERSION = 1.0;
				PRODUCT_BUNDLE_IDENTIFIER = com.01Labs.Kaizen.AtomicMonitor;
				PRODUCT_NAME = "$(TARGET_NAME)";
				SKIP_INSTALL = YES;
				STRING_CATALOG_GENERATE_SYMBOLS = YES;
				SWIFT_APPROACHABLE_CONCURRENCY = YES;
				SWIFT_EMIT_LOC_STRINGS = YES;
				SWIFT_UPCOMING_FEATURE_MEMBER_IMPORT_VISIBILITY = YES;
				SWIFT_VERSION = 5.0;
				TARGETED_DEVICE_FAMILY = "1,2";
			};
			name = Debug;
		};
		4D7D2C7D2F21AEA5009B2D69 /* Release */ = {
			isa = XCBuildConfiguration;
			buildSettings = {
				CODE_SIGN_ENTITLEMENTS = AtomicMonitor/AtomicMonitor.entitlements;
				CODE_SIGN_STYLE = Automatic;
				CURRENT_PROJECT_VERSION = 1;
				DEVELOPMENT_TEAM = 8FMP9HM2V7;
				GENERATE_INFOPLIST_FILE = YES;
				INFOPLIST_FILE = AtomicMonitor/Info.plist;
				INFOPLIST_KEY_CFBundleDisplayName = AtomicMonitor;
				INFOPLIST_KEY_NSHumanReadableCopyright = "";
				LD_RUNPATH_SEARCH_PATHS = (
					"$(inherited)",
					"@executable_path/Frameworks",
					"@executable_path/../../Frameworks",
				);
				MARKETING_VERSION = 1.0;
				PRODUCT_BUNDLE_IDENTIFIER = com.01Labs.Kaizen.AtomicMonitor;
				PRODUCT_NAME = "$(TARGET_NAME)";
				SKIP_INSTALL = YES;
				STRING_CATALOG_GENERATE_SYMBOLS = YES;
				SWIFT_APPROACHABLE_CONCURRENCY = YES;
				SWIFT_EMIT_LOC_STRINGS = YES;
				SWIFT_UPCOMING_FEATURE_MEMBER_IMPORT_VISIBILITY = YES;
				SWIFT_VERSION = 5.0;
				TARGETED_DEVICE_FAMILY = "1,2";
			};
			name = Release;
		};
/* End XCBuildConfiguration section */

/* Begin XCConfigurationList section */
		4D59062A2F1F230E005FF767 /* Build configuration list for PBXProject "AtomicApp" */ = {
			isa = XCConfigurationList;
			buildConfigurations = (
				4D59064E2F1F2313005FF767 /* Debug */,
				4D59064F2F1F2313005FF767 /* Release */,
			);
			defaultConfigurationIsVisible = 0;
			defaultConfigurationName = Release;
		};
		4D5906502F1F2313005FF767 /* Build configuration list for PBXNativeTarget "AtomicApp" */ = {
			isa = XCConfigurationList;
			buildConfigurations = (
				4D5906512F1F2313005FF767 /* Debug */,
				4D5906522F1F2313005FF767 /* Release */,
			);
			defaultConfigurationIsVisible = 0;
			defaultConfigurationName = Release;
		};
		4D5906532F1F2313005FF767 /* Build configuration list for PBXNativeTarget "AtomicAppTests" */ = {
			isa = XCConfigurationList;
			buildConfigurations = (
				4D5906542F1F2313005FF767 /* Debug */,
				4D5906552F1F2313005FF767 /* Release */,
			);
			defaultConfigurationIsVisible = 0;
			defaultConfigurationName = Release;
		};
		4D5906562F1F2313005FF767 /* Build configuration list for PBXNativeTarget "AtomicAppUITests" */ = {
			isa = XCConfigurationList;
			buildConfigurations = (
				4D5906572F1F2313005FF767 /* Debug */,
				4D5906582F1F2313005FF767 /* Release */,
			);
			defaultConfigurationIsVisible = 0;
			defaultConfigurationName = Release;
		};
		4D7D2C7E2F21AEA5009B2D69 /* Build configuration list for PBXNativeTarget "AtomicMonitor" */ = {
			isa = XCConfigurationList;
			buildConfigurations = (
				4D7D2C7C2F21AEA5009B2D69 /* Debug */,
				4D7D2C7D2F21AEA5009B2D69 /* Release */,
			);
			defaultConfigurationIsVisible = 0;
			defaultConfigurationName = Release;
		};
/* End XCConfigurationList section */
	};
	rootObject = 4D5906272F1F230D005FF767 /* Project object */;
}
